// !$*UTF8*$!
{
	archiveVersion = 1;
	classes = {
	};
	objectVersion = 56;
	objects = {

/* Begin PBXBuildFile section */
		E3B6A2FD2B6A32AA00C9B555 /* AppDelegate.swift in Sources */ = {isa = PBXBuildFile; fileRef = E3B6A2FC2B6A32AA00C9B555 /* AppDelegate.swift */; };
		E3B6A2FF2B6A32AA00C9B555 /* SceneDelegate.swift in Sources */ = {isa = PBXBuildFile; fileRef = E3B6A2FE2B6A32AA00C9B555 /* SceneDelegate.swift */; };
		E3B6A3012B6A32AA00C9B555 /* CameraViewController.swift in Sources */ = {isa = PBXBuildFile; fileRef = E3B6A3002B6A32AA00C9B555 /* CameraViewController.swift */; };
		E3B6A3062B6A32B600C9B555 /* Assets.xcassets in Resources */ = {isa = PBXBuildFile; fileRef = E3B6A3052B6A32B600C9B555 /* Assets.xcassets */; };
		E3B6A3092B6A32B600C9B555 /* LaunchScreen.storyboard in Resources */ = {isa = PBXBuildFile; fileRef = E3B6A3072B6A32B600C9B555 /* LaunchScreen.storyboard */; };
		E3B6A3162B6BBBA100C9B555 /* BottomStackView.swift in Sources */ = {isa = PBXBuildFile; fileRef = E3B6A3152B6BBBA100C9B555 /* BottomStackView.swift */; };
		E3B6A31B2B6C07BC00C9B555 /* CaptureViewController.swift in Sources */ = {isa = PBXBuildFile; fileRef = E3B6A31A2B6C07BC00C9B555 /* CaptureViewController.swift */; };
		E3B6A31E2B6CF90500C9B555 /* PhotoEditViewController.swift in Sources */ = {isa = PBXBuildFile; fileRef = E3B6A31D2B6CF90500C9B555 /* PhotoEditViewController.swift */; };
/* End PBXBuildFile section */

/* Begin PBXFileReference section */
		E3B6A2F92B6A32AA00C9B555 /* ScanneriOS.app */ = {isa = PBXFileReference; explicitFileType = wrapper.application; includeInIndex = 0; path = ScanneriOS.app; sourceTree = BUILT_PRODUCTS_DIR; };
		E3B6A2FC2B6A32AA00C9B555 /* AppDelegate.swift */ = {isa = PBXFileReference; lastKnownFileType = sourcecode.swift; path = AppDelegate.swift; sourceTree = "<group>"; };
		E3B6A2FE2B6A32AA00C9B555 /* SceneDelegate.swift */ = {isa = PBXFileReference; lastKnownFileType = sourcecode.swift; path = SceneDelegate.swift; sourceTree = "<group>"; };
		E3B6A3002B6A32AA00C9B555 /* CameraViewController.swift */ = {isa = PBXFileReference; lastKnownFileType = sourcecode.swift; path = CameraViewController.swift; sourceTree = "<group>"; };
		E3B6A3052B6A32B600C9B555 /* Assets.xcassets */ = {isa = PBXFileReference; lastKnownFileType = folder.assetcatalog; path = Assets.xcassets; sourceTree = "<group>"; };
		E3B6A3082B6A32B600C9B555 /* Base */ = {isa = PBXFileReference; lastKnownFileType = file.storyboard; name = Base; path = Base.lproj/LaunchScreen.storyboard; sourceTree = "<group>"; };
		E3B6A30A2B6A32B600C9B555 /* Info.plist */ = {isa = PBXFileReference; lastKnownFileType = text.plist.xml; path = Info.plist; sourceTree = "<group>"; };
		E3B6A3152B6BBBA100C9B555 /* BottomStackView.swift */ = {isa = PBXFileReference; lastKnownFileType = sourcecode.swift; path = BottomStackView.swift; sourceTree = "<group>"; };
		E3B6A31A2B6C07BC00C9B555 /* CaptureViewController.swift */ = {isa = PBXFileReference; lastKnownFileType = sourcecode.swift; path = CaptureViewController.swift; sourceTree = "<group>"; };
		E3B6A31D2B6CF90500C9B555 /* PhotoEditViewController.swift */ = {isa = PBXFileReference; lastKnownFileType = sourcecode.swift; path = PhotoEditViewController.swift; sourceTree = "<group>"; };
/* End PBXFileReference section */

/* Begin PBXFrameworksBuildPhase section */
		E3B6A2F62B6A32AA00C9B555 /* Frameworks */ = {
			isa = PBXFrameworksBuildPhase;
			buildActionMask = 2147483647;
			files = (
			);
			runOnlyForDeploymentPostprocessing = 0;
		};
/* End PBXFrameworksBuildPhase section */

/* Begin PBXGroup section */
		E3B6A2F02B6A32AA00C9B555 = {
			isa = PBXGroup;
			children = (
				E3B6A2FB2B6A32AA00C9B555 /* MagicIDR */,
				E3B6A2FA2B6A32AA00C9B555 /* Products */,
			);
			sourceTree = "<group>";
		};
		E3B6A2FA2B6A32AA00C9B555 /* Products */ = {
			isa = PBXGroup;
			children = (
				E3B6A2F92B6A32AA00C9B555 /* ScanneriOS.app */,
			);
			name = Products;
			sourceTree = "<group>";
		};
		E3B6A2FB2B6A32AA00C9B555 /* MagicIDR */ = {
			isa = PBXGroup;
			children = (
				E3B6A31C2B6CF78D00C9B555 /* Model */,
				E3B6A3172B6BBBA900C9B555 /* View */,
				E3B6A3142B6BB9BB00C9B555 /* Controller */,
				E3B6A2FC2B6A32AA00C9B555 /* AppDelegate.swift */,
				E3B6A2FE2B6A32AA00C9B555 /* SceneDelegate.swift */,
				E3B6A3052B6A32B600C9B555 /* Assets.xcassets */,
				E3B6A3072B6A32B600C9B555 /* LaunchScreen.storyboard */,
				E3B6A30A2B6A32B600C9B555 /* Info.plist */,
			);
			name = MagicIDR;
			path = ScanneriOS;
			sourceTree = "<group>";
		};
		E3B6A3142B6BB9BB00C9B555 /* Controller */ = {
			isa = PBXGroup;
			children = (
				E3B6A3002B6A32AA00C9B555 /* CameraViewController.swift */,
				E3B6A31A2B6C07BC00C9B555 /* CaptureViewController.swift */,
				E3B6A31D2B6CF90500C9B555 /* PhotoEditViewController.swift */,
			);
			path = Controller;
			sourceTree = "<group>";
		};
		E3B6A3172B6BBBA900C9B555 /* View */ = {
			isa = PBXGroup;
			children = (
				E3B6A3152B6BBBA100C9B555 /* BottomStackView.swift */,
			);
			path = View;
			sourceTree = "<group>";
		};
		E3B6A31C2B6CF78D00C9B555 /* Model */ = {
			isa = PBXGroup;
			children = (
			);
			path = Model;
			sourceTree = "<group>";
		};
/* End PBXGroup section */

/* Begin PBXNativeTarget section */
		E3B6A2F82B6A32AA00C9B555 /* ScanneriOS */ = {
			isa = PBXNativeTarget;
			buildConfigurationList = E3B6A30D2B6A32B600C9B555 /* Build configuration list for PBXNativeTarget "ScanneriOS" */;
			buildPhases = (
				E3B6A2F52B6A32AA00C9B555 /* Sources */,
				E3B6A2F62B6A32AA00C9B555 /* Frameworks */,
				E3B6A2F72B6A32AA00C9B555 /* Resources */,
			);
			buildRules = (
			);
			dependencies = (
			);
			name = ScanneriOS;
			productName = MagicIIDR;
			productReference = E3B6A2F92B6A32AA00C9B555 /* ScanneriOS.app */;
			productType = "com.apple.product-type.application";
		};
/* End PBXNativeTarget section */

/* Begin PBXProject section */
		E3B6A2F12B6A32AA00C9B555 /* Project object */ = {
			isa = PBXProject;
			attributes = {
				BuildIndependentTargetsInParallel = 1;
				LastSwiftUpdateCheck = 1520;
				LastUpgradeCheck = 1520;
				TargetAttributes = {
					E3B6A2F82B6A32AA00C9B555 = {
						CreatedOnToolsVersion = 15.2;
					};
				};
			};
			buildConfigurationList = E3B6A2F42B6A32AA00C9B555 /* Build configuration list for PBXProject "ScanneriOS" */;
			compatibilityVersion = "Xcode 14.0";
			developmentRegion = en;
			hasScannedForEncodings = 0;
			knownRegions = (
				en,
				Base,
			);
			mainGroup = E3B6A2F02B6A32AA00C9B555;
			productRefGroup = E3B6A2FA2B6A32AA00C9B555 /* Products */;
			projectDirPath = "";
			projectRoot = "";
			targets = (
				E3B6A2F82B6A32AA00C9B555 /* ScanneriOS */,
			);
		};
/* End PBXProject section */

/* Begin PBXResourcesBuildPhase section */
		E3B6A2F72B6A32AA00C9B555 /* Resources */ = {
			isa = PBXResourcesBuildPhase;
			buildActionMask = 2147483647;
			files = (
				E3B6A3092B6A32B600C9B555 /* LaunchScreen.storyboard in Resources */,
				E3B6A3062B6A32B600C9B555 /* Assets.xcassets in Resources */,
			);
			runOnlyForDeploymentPostprocessing = 0;
		};
/* End PBXResourcesBuildPhase section */

/* Begin PBXSourcesBuildPhase section */
		E3B6A2F52B6A32AA00C9B555 /* Sources */ = {
			isa = PBXSourcesBuildPhase;
			buildActionMask = 2147483647;
			files = (
				E3B6A3012B6A32AA00C9B555 /* CameraViewController.swift in Sources */,
				E3B6A2FD2B6A32AA00C9B555 /* AppDelegate.swift in Sources */,
				E3B6A3162B6BBBA100C9B555 /* BottomStackView.swift in Sources */,
				E3B6A2FF2B6A32AA00C9B555 /* SceneDelegate.swift in Sources */,
				E3B6A31B2B6C07BC00C9B555 /* CaptureViewController.swift in Sources */,
				E3B6A31E2B6CF90500C9B555 /* PhotoEditViewController.swift in Sources */,
			);
			runOnlyForDeploymentPostprocessing = 0;
		};
/* End PBXSourcesBuildPhase section */

/* Begin PBXVariantGroup section */
		E3B6A3072B6A32B600C9B555 /* LaunchScreen.storyboard */ = {
			isa = PBXVariantGroup;
			children = (
				E3B6A3082B6A32B600C9B555 /* Base */,
			);
			name = LaunchScreen.storyboard;
			sourceTree = "<group>";
		};
/* End PBXVariantGroup section */

/* Begin XCBuildConfiguration section */
		E3B6A30B2B6A32B600C9B555 /* Debug */ = {
			isa = XCBuildConfiguration;
			buildSettings = {
				ALWAYS_SEARCH_USER_PATHS = NO;
				ASSETCATALOG_COMPILER_GENERATE_SWIFT_ASSET_SYMBOL_EXTENSIONS = YES;
				CLANG_ANALYZER_NONNULL = YES;
				CLANG_ANALYZER_NUMBER_OBJECT_CONVERSION = YES_AGGRESSIVE;
				CLANG_CXX_LANGUAGE_STANDARD = "gnu++20";
				CLANG_ENABLE_MODULES = YES;
				CLANG_ENABLE_OBJC_ARC = YES;
				CLANG_ENABLE_OBJC_WEAK = YES;
				CLANG_WARN_BLOCK_CAPTURE_AUTORELEASING = YES;
				CLANG_WARN_BOOL_CONVERSION = YES;
				CLANG_WARN_COMMA = YES;
				CLANG_WARN_CONSTANT_CONVERSION = YES;
				CLANG_WARN_DEPRECATED_OBJC_IMPLEMENTATIONS = YES;
				CLANG_WARN_DIRECT_OBJC_ISA_USAGE = YES_ERROR;
				CLANG_WARN_DOCUMENTATION_COMMENTS = YES;
				CLANG_WARN_EMPTY_BODY = YES;
				CLANG_WARN_ENUM_CONVERSION = YES;
				CLANG_WARN_INFINITE_RECURSION = YES;
				CLANG_WARN_INT_CONVERSION = YES;
				CLANG_WARN_NON_LITERAL_NULL_CONVERSION = YES;
				CLANG_WARN_OBJC_IMPLICIT_RETAIN_SELF = YES;
				CLANG_WARN_OBJC_LITERAL_CONVERSION = YES;
				CLANG_WARN_OBJC_ROOT_CLASS = YES_ERROR;
				CLANG_WARN_QUOTED_INCLUDE_IN_FRAMEWORK_HEADER = YES;
				CLANG_WARN_RANGE_LOOP_ANALYSIS = YES;
				CLANG_WARN_STRICT_PROTOTYPES = YES;
				CLANG_WARN_SUSPICIOUS_MOVE = YES;
				CLANG_WARN_UNGUARDED_AVAILABILITY = YES_AGGRESSIVE;
				CLANG_WARN_UNREACHABLE_CODE = YES;
				CLANG_WARN__DUPLICATE_METHOD_MATCH = YES;
				COPY_PHASE_STRIP = NO;
				DEBUG_INFORMATION_FORMAT = dwarf;
				ENABLE_STRICT_OBJC_MSGSEND = YES;
				ENABLE_TESTABILITY = YES;
				ENABLE_USER_SCRIPT_SANDBOXING = YES;
				GCC_C_LANGUAGE_STANDARD = gnu17;
				GCC_DYNAMIC_NO_PIC = NO;
				GCC_NO_COMMON_BLOCKS = YES;
				GCC_OPTIMIZATION_LEVEL = 0;
				GCC_PREPROCESSOR_DEFINITIONS = (
					"DEBUG=1",
					"$(inherited)",
				);
				GCC_WARN_64_TO_32_BIT_CONVERSION = YES;
				GCC_WARN_ABOUT_RETURN_TYPE = YES_ERROR;
				GCC_WARN_UNDECLARED_SELECTOR = YES;
				GCC_WARN_UNINITIALIZED_AUTOS = YES_AGGRESSIVE;
				GCC_WARN_UNUSED_FUNCTION = YES;
				GCC_WARN_UNUSED_VARIABLE = YES;
				IPHONEOS_DEPLOYMENT_TARGET = 17.2;
				LOCALIZATION_PREFERS_STRING_CATALOGS = YES;
				MTL_ENABLE_DEBUG_INFO = INCLUDE_SOURCE;
				MTL_FAST_MATH = YES;
				ONLY_ACTIVE_ARCH = YES;
				SDKROOT = iphoneos;
				SWIFT_ACTIVE_COMPILATION_CONDITIONS = "DEBUG $(inherited)";
				SWIFT_OPTIMIZATION_LEVEL = "-Onone";
			};
			name = Debug;
		};
		E3B6A30C2B6A32B600C9B555 /* Release */ = {
			isa = XCBuildConfiguration;
			buildSettings = {
				ALWAYS_SEARCH_USER_PATHS = NO;
				ASSETCATALOG_COMPILER_GENERATE_SWIFT_ASSET_SYMBOL_EXTENSIONS = YES;
				CLANG_ANALYZER_NONNULL = YES;
				CLANG_ANALYZER_NUMBER_OBJECT_CONVERSION = YES_AGGRESSIVE;
				CLANG_CXX_LANGUAGE_STANDARD = "gnu++20";
				CLANG_ENABLE_MODULES = YES;
				CLANG_ENABLE_OBJC_ARC = YES;
				CLANG_ENABLE_OBJC_WEAK = YES;
				CLANG_WARN_BLOCK_CAPTURE_AUTORELEASING = YES;
				CLANG_WARN_BOOL_CONVERSION = YES;
				CLANG_WARN_COMMA = YES;
				CLANG_WARN_CONSTANT_CONVERSION = YES;
				CLANG_WARN_DEPRECATED_OBJC_IMPLEMENTATIONS = YES;
				CLANG_WARN_DIRECT_OBJC_ISA_USAGE = YES_ERROR;
				CLANG_WARN_DOCUMENTATION_COMMENTS = YES;
				CLANG_WARN_EMPTY_BODY = YES;
				CLANG_WARN_ENUM_CONVERSION = YES;
				CLANG_WARN_INFINITE_RECURSION = YES;
				CLANG_WARN_INT_CONVERSION = YES;
				CLANG_WARN_NON_LITERAL_NULL_CONVERSION = YES;
				CLANG_WARN_OBJC_IMPLICIT_RETAIN_SELF = YES;
				CLANG_WARN_OBJC_LITERAL_CONVERSION = YES;
				CLANG_WARN_OBJC_ROOT_CLASS = YES_ERROR;
				CLANG_WARN_QUOTED_INCLUDE_IN_FRAMEWORK_HEADER = YES;
				CLANG_WARN_RANGE_LOOP_ANALYSIS = YES;
				CLANG_WARN_STRICT_PROTOTYPES = YES;
				CLANG_WARN_SUSPICIOUS_MOVE = YES;
				CLANG_WARN_UNGUARDED_AVAILABILITY = YES_AGGRESSIVE;
				CLANG_WARN_UNREACHABLE_CODE = YES;
				CLANG_WARN__DUPLICATE_METHOD_MATCH = YES;
				COPY_PHASE_STRIP = NO;
				DEBUG_INFORMATION_FORMAT = "dwarf-with-dsym";
				ENABLE_NS_ASSERTIONS = NO;
				ENABLE_STRICT_OBJC_MSGSEND = YES;
				ENABLE_USER_SCRIPT_SANDBOXING = YES;
				GCC_C_LANGUAGE_STANDARD = gnu17;
				GCC_NO_COMMON_BLOCKS = YES;
				GCC_WARN_64_TO_32_BIT_CONVERSION = YES;
				GCC_WARN_ABOUT_RETURN_TYPE = YES_ERROR;
				GCC_WARN_UNDECLARED_SELECTOR = YES;
				GCC_WARN_UNINITIALIZED_AUTOS = YES_AGGRESSIVE;
				GCC_WARN_UNUSED_FUNCTION = YES;
				GCC_WARN_UNUSED_VARIABLE = YES;
				IPHONEOS_DEPLOYMENT_TARGET = 17.2;
				LOCALIZATION_PREFERS_STRING_CATALOGS = YES;
				MTL_ENABLE_DEBUG_INFO = NO;
				MTL_FAST_MATH = YES;
				SDKROOT = iphoneos;
				SWIFT_COMPILATION_MODE = wholemodule;
				VALIDATE_PRODUCT = YES;
			};
			name = Release;
		};
		E3B6A30E2B6A32B600C9B555 /* Debug */ = {
			isa = XCBuildConfiguration;
			buildSettings = {
				ASSETCATALOG_COMPILER_APPICON_NAME = AppIcon;
				ASSETCATALOG_COMPILER_GLOBAL_ACCENT_COLOR_NAME = AccentColor;
				CODE_SIGN_STYLE = Automatic;
				CURRENT_PROJECT_VERSION = 1;
				DEVELOPMENT_TEAM = LYVG9RTN58;
				GENERATE_INFOPLIST_FILE = YES;
				INFOPLIST_FILE = ScanneriOS/Info.plist;
				INFOPLIST_KEY_UIApplicationSupportsIndirectInputEvents = YES;
				INFOPLIST_KEY_UILaunchStoryboardName = LaunchScreen;
				INFOPLIST_KEY_UISupportedInterfaceOrientations_iPad = "UIInterfaceOrientationPortrait UIInterfaceOrientationPortraitUpsideDown UIInterfaceOrientationLandscapeLeft UIInterfaceOrientationLandscapeRight";
				INFOPLIST_KEY_UISupportedInterfaceOrientations_iPhone = "UIInterfaceOrientationPortrait UIInterfaceOrientationLandscapeLeft UIInterfaceOrientationLandscapeRight";
				LD_RUNPATH_SEARCH_PATHS = (
					"$(inherited)",
					"@executable_path/Frameworks",
				);
				MARKETING_VERSION = 1.0;
				PRODUCT_BUNDLE_IDENTIFIER = "com-.simjaehyeok.ScanneriOS";
				PRODUCT_NAME = "$(TARGET_NAME)";
				SWIFT_EMIT_LOC_STRINGS = YES;
				SWIFT_VERSION = 5.0;
				TARGETED_DEVICE_FAMILY = "1,2";
			};
			name = Debug;
		};
		E3B6A30F2B6A32B600C9B555 /* Release */ = {
			isa = XCBuildConfiguration;
			buildSettings = {
				ASSETCATALOG_COMPILER_APPICON_NAME = AppIcon;
				ASSETCATALOG_COMPILER_GLOBAL_ACCENT_COLOR_NAME = AccentColor;
				CODE_SIGN_STYLE = Automatic;
				CURRENT_PROJECT_VERSION = 1;
				DEVELOPMENT_TEAM = LYVG9RTN58;
				GENERATE_INFOPLIST_FILE = YES;
				INFOPLIST_FILE = ScanneriOS/Info.plist;
				INFOPLIST_KEY_UIApplicationSupportsIndirectInputEvents = YES;
				INFOPLIST_KEY_UILaunchStoryboardName = LaunchScreen;
				INFOPLIST_KEY_UISupportedInterfaceOrientations_iPad = "UIInterfaceOrientationPortrait UIInterfaceOrientationPortraitUpsideDown UIInterfaceOrientationLandscapeLeft UIInterfaceOrientationLandscapeRight";
				INFOPLIST_KEY_UISupportedInterfaceOrientations_iPhone = "UIInterfaceOrientationPortrait UIInterfaceOrientationLandscapeLeft UIInterfaceOrientationLandscapeRight";
				LD_RUNPATH_SEARCH_PATHS = (
					"$(inherited)",
					"@executable_path/Frameworks",
				);
				MARKETING_VERSION = 1.0;
				PRODUCT_BUNDLE_IDENTIFIER = "com-.simjaehyeok.ScanneriOS";
				PRODUCT_NAME = "$(TARGET_NAME)";
				SWIFT_EMIT_LOC_STRINGS = YES;
				SWIFT_VERSION = 5.0;
				TARGETED_DEVICE_FAMILY = "1,2";
			};
			name = Release;
		};
/* End XCBuildConfiguration section */

/* Begin XCConfigurationList section */
		E3B6A2F42B6A32AA00C9B555 /* Build configuration list for PBXProject "ScanneriOS" */ = {
			isa = XCConfigurationList;
			buildConfigurations = (
				E3B6A30B2B6A32B600C9B555 /* Debug */,
				E3B6A30C2B6A32B600C9B555 /* Release */,
			);
			defaultConfigurationIsVisible = 0;
			defaultConfigurationName = Release;
		};
		E3B6A30D2B6A32B600C9B555 /* Build configuration list for PBXNativeTarget "ScanneriOS" */ = {
			isa = XCConfigurationList;
			buildConfigurations = (
				E3B6A30E2B6A32B600C9B555 /* Debug */,
				E3B6A30F2B6A32B600C9B555 /* Release */,
			);
			defaultConfigurationIsVisible = 0;
			defaultConfigurationName = Release;
		};
/* End XCConfigurationList section */
	};
	rootObject = E3B6A2F12B6A32AA00C9B555 /* Project object */;
}
